
Microsoft Visual Studio Solution File, Format Version 12.00
# Visual Studio Version 16
VisualStudioVersion = 16.0.30804.86
MinimumVisualStudioVersion = 10.0.40219.1
Project("{FAE04EC0-301F-11D3-BF4B-00C04F79EFBC}") = "DictonaryExample", "DictonaryExample\DictonaryExample.csproj", "{3EACC7C0-B30D-49A3-B791-23652CD02CDB}"
EndProject
Global
	GlobalSection(SolutionConfigurationPlatforms) = preSolution
		Debug|Any CPU = Debug|Any CPU
		Release|Any CPU = Release|Any CPU
	EndGlobalSection
	GlobalSection(ProjectConfigurationPlatforms) = postSolution
		{3EACC7C0-B30D-49A3-B791-23652CD02CDB}.Debug|Any CPU.ActiveCfg = Debug|Any CPU
		{3EACC7C0-B30D-49A3-B791-23652CD02CDB}.Debug|Any CPU.Build.0 = Debug|Any CPU
		{3EACC7C0-B30D-49A3-B791-23652CD02CDB}.Release|Any CPU.ActiveCfg = Release|Any CPU
		{3EACC7C0-B30D-49A3-B791-23652CD02CDB}.Release|Any CPU.Build.0 = Release|Any CPU
	EndGlobalSection
	GlobalSection(SolutionProperties) = preSolution
		HideSolutionNode = FALSE
	EndGlobalSection
	GlobalSection(ExtensibilityGlobals) = postSolution
		SolutionGuid = {07B52235-8FB5-45BC-9E82-C1B3AC43D311}
	EndGlobalSection
EndGlobal
